
Microsoft Visual Studio Solution File, Format Version 12.00
# Visual Studio 15
VisualStudioVersion = 15.0.26906.1
MinimumVisualStudioVersion = 10.0.40219.1
Project("{FAE04EC0-301F-11D3-BF4B-00C04F79EFBC}") = "SpringAnimationSample", "SpringAnimationSample\SpringAnimationSample.csproj", "{CD4CC88E-BE64-454F-86B8-EFE959F1DC7D}"
EndProject
Global
	GlobalSection(SolutionConfigurationPlatforms) = preSolution
		Debug|Any CPU = Debug|Any CPU
		Release|Any CPU = Release|Any CPU
	EndGlobalSection
	GlobalSection(ProjectConfigurationPlatforms) = postSolution
		{CD4CC88E-BE64-454F-86B8-EFE959F1DC7D}.Debug|Any CPU.ActiveCfg = Debug|Any CPU
		{CD4CC88E-BE64-454F-86B8-EFE959F1DC7D}.Debug|Any CPU.Build.0 = Debug|Any CPU
		{CD4CC88E-BE64-454F-86B8-EFE959F1DC7D}.Debug|Any CPU.Deploy.0 = Debug|Any CPU
		{CD4CC88E-BE64-454F-86B8-EFE959F1DC7D}.Release|Any CPU.ActiveCfg = Release|Any CPU
		{CD4CC88E-BE64-454F-86B8-EFE959F1DC7D}.Release|Any CPU.Build.0 = Release|Any CPU
		{CD4CC88E-BE64-454F-86B8-EFE959F1DC7D}.Release|Any CPU.Deploy.0 = Release|Any CPU
	EndGlobalSection
	GlobalSection(SolutionProperties) = preSolution
		HideSolutionNode = FALSE
	EndGlobalSection
	GlobalSection(ExtensibilityGlobals) = postSolution
		SolutionGuid = {5EA819AF-A965-415E-AA76-BBD5AE218214}
	EndGlobalSection
EndGlobal
