
Microsoft Visual Studio Solution File, Format Version 12.00
# Visual Studio 15
VisualStudioVersion = 15.0.26730.16
MinimumVisualStudioVersion = 10.0.40219.1
Project("{FAE04EC0-301F-11D3-BF4B-00C04F79EFBC}") = "EndlessPinJump", "EndlessPinJump\EndlessPinJump.csproj", "{3DE9A372-BACE-40FA-A934-EE7974272366}"
EndProject
Global
	GlobalSection(SolutionConfigurationPlatforms) = preSolution
		Debug|Any CPU = Debug|Any CPU
		Release|Any CPU = Release|Any CPU
	EndGlobalSection
	GlobalSection(ProjectConfigurationPlatforms) = postSolution
		{3DE9A372-BACE-40FA-A934-EE7974272366}.Debug|Any CPU.ActiveCfg = Debug|Any CPU
		{3DE9A372-BACE-40FA-A934-EE7974272366}.Debug|Any CPU.Build.0 = Debug|Any CPU
		{3DE9A372-BACE-40FA-A934-EE7974272366}.Debug|Any CPU.Deploy.0 = Debug|Any CPU
		{3DE9A372-BACE-40FA-A934-EE7974272366}.Release|Any CPU.ActiveCfg = Release|Any CPU
		{3DE9A372-BACE-40FA-A934-EE7974272366}.Release|Any CPU.Build.0 = Release|Any CPU
		{3DE9A372-BACE-40FA-A934-EE7974272366}.Release|Any CPU.Deploy.0 = Release|Any CPU
	EndGlobalSection
	GlobalSection(SolutionProperties) = preSolution
		HideSolutionNode = FALSE
	EndGlobalSection
	GlobalSection(ExtensibilityGlobals) = postSolution
		SolutionGuid = {ED49D665-AC73-4833-BCCA-91A36550B805}
	EndGlobalSection
EndGlobal
